
Microsoft Visual Studio Solution File, Format Version 12.00
# Visual Studio Version 17
VisualStudioVersion = 17.9.34728.123
MinimumVisualStudioVersion = 10.0.40219.1
Project("{FAE04EC0-301F-11D3-BF4B-00C04F79EFBC}") = "The Raze", "The Raze.csproj", "{BBFEC34E-3A18-427D-9287-4088493B86EA}"
EndProject
Global
	GlobalSection(SolutionConfigurationPlatforms) = preSolution
		Debug|Any CPU = Debug|Any CPU
		Release|Any CPU = Release|Any CPU
	EndGlobalSection
	GlobalSection(ProjectConfigurationPlatforms) = postSolution
		{BBFEC34E-3A18-427D-9287-4088493B86EA}.Debug|Any CPU.ActiveCfg = Debug|Any CPU
		{BBFEC34E-3A18-427D-9287-4088493B86EA}.Debug|Any CPU.Build.0 = Debug|Any CPU
		{BBFEC34E-3A18-427D-9287-4088493B86EA}.Release|Any CPU.ActiveCfg = Release|Any CPU
		{BBFEC34E-3A18-427D-9287-4088493B86EA}.Release|Any CPU.Build.0 = Release|Any CPU
	EndGlobalSection
	GlobalSection(SolutionProperties) = preSolution
		HideSolutionNode = FALSE
	EndGlobalSection
	GlobalSection(ExtensibilityGlobals) = postSolution
		SolutionGuid = {86966062-6578-4540-A0DF-84A4CEDEC9C7}
	EndGlobalSection
EndGlobal
